
Microsoft Visual Studio Solution File, Format Version 12.00
Project("{FAE04EC0-301F-11D3-BF4B-00C04F79EFBC}") = "FileApi", "FileApi\FileApi.csproj", "{FAC79A0D-B3BE-461B-ACC8-6A760D847173}"
EndProject
Global
	GlobalSection(SolutionConfigurationPlatforms) = preSolution
		Debug|Any CPU = Debug|Any CPU
		Release|Any CPU = Release|Any CPU
	EndGlobalSection
	GlobalSection(ProjectConfigurationPlatforms) = postSolution
		{FAC79A0D-B3BE-461B-ACC8-6A760D847173}.Debug|Any CPU.ActiveCfg = Debug|Any CPU
		{FAC79A0D-B3BE-461B-ACC8-6A760D847173}.Debug|Any CPU.Build.0 = Debug|Any CPU
		{FAC79A0D-B3BE-461B-ACC8-6A760D847173}.Release|Any CPU.ActiveCfg = Release|Any CPU
		{FAC79A0D-B3BE-461B-ACC8-6A760D847173}.Release|Any CPU.Build.0 = Release|Any CPU
	EndGlobalSection
EndGlobal
