
Microsoft Visual Studio Solution File, Format Version 12.00
Project("{FAE04EC0-301F-11D3-BF4B-00C04F79EFBC}") = "TestApi", "TestApi\TestApi.csproj", "{8BBA8BB6-B9A7-4FFA-84C8-8B85668FBD4C}"
EndProject
Project("{FAE04EC0-301F-11D3-BF4B-00C04F79EFBC}") = "Api", "Api\Api.csproj", "{7D29DD37-A271-4AAB-A943-D700F2B91CB7}"
EndProject
Global
	GlobalSection(SolutionConfigurationPlatforms) = preSolution
		Debug|Any CPU = Debug|Any CPU
		Release|Any CPU = Release|Any CPU
	EndGlobalSection
	GlobalSection(ProjectConfigurationPlatforms) = postSolution
		{8BBA8BB6-B9A7-4FFA-84C8-8B85668FBD4C}.Debug|Any CPU.ActiveCfg = Debug|Any CPU
		{8BBA8BB6-B9A7-4FFA-84C8-8B85668FBD4C}.Debug|Any CPU.Build.0 = Debug|Any CPU
		{8BBA8BB6-B9A7-4FFA-84C8-8B85668FBD4C}.Release|Any CPU.ActiveCfg = Release|Any CPU
		{8BBA8BB6-B9A7-4FFA-84C8-8B85668FBD4C}.Release|Any CPU.Build.0 = Release|Any CPU
		{7D29DD37-A271-4AAB-A943-D700F2B91CB7}.Debug|Any CPU.ActiveCfg = Debug|Any CPU
		{7D29DD37-A271-4AAB-A943-D700F2B91CB7}.Debug|Any CPU.Build.0 = Debug|Any CPU
		{7D29DD37-A271-4AAB-A943-D700F2B91CB7}.Release|Any CPU.ActiveCfg = Release|Any CPU
		{7D29DD37-A271-4AAB-A943-D700F2B91CB7}.Release|Any CPU.Build.0 = Release|Any CPU
	EndGlobalSection
EndGlobal
